
Microsoft Visual Studio Solution File, Format Version 12.00
# Visual Studio Version 17
VisualStudioVersion = 17.3.32819.101
MinimumVisualStudioVersion = 10.0.40219.1
Project("{FAE04EC0-301F-11D3-BF4B-00C04F79EFBC}") = "MaliciousIpService", "MaliciousIpService\MaliciousIpService.csproj", "{23A4EF53-D9E7-4EDA-B543-67C8226F5F45}"
EndProject
Global
	GlobalSection(SolutionConfigurationPlatforms) = preSolution
		Debug|Any CPU = Debug|Any CPU
		Release|Any CPU = Release|Any CPU
	EndGlobalSection
	GlobalSection(ProjectConfigurationPlatforms) = postSolution
		{23A4EF53-D9E7-4EDA-B543-67C8226F5F45}.Debug|Any CPU.ActiveCfg = Debug|Any CPU
		{23A4EF53-D9E7-4EDA-B543-67C8226F5F45}.Debug|Any CPU.Build.0 = Debug|Any CPU
		{23A4EF53-D9E7-4EDA-B543-67C8226F5F45}.Release|Any CPU.ActiveCfg = Release|Any CPU
		{23A4EF53-D9E7-4EDA-B543-67C8226F5F45}.Release|Any CPU.Build.0 = Release|Any CPU
	EndGlobalSection
	GlobalSection(SolutionProperties) = preSolution
		HideSolutionNode = FALSE
	EndGlobalSection
	GlobalSection(ExtensibilityGlobals) = postSolution
		SolutionGuid = {500C6D9D-7E01-490A-B9A7-CBB5BC7FB73D}
	EndGlobalSection
EndGlobal
